
Microsoft Visual Studio Solution File, Format Version 12.00
# Visual Studio Version 16
VisualStudioVersion = 16.0.29215.179
MinimumVisualStudioVersion = 10.0.40219.1
Project("{FAE04EC0-301F-11D3-BF4B-00C04F79EFBC}") = "RPG_Char_Stats_Viewer", "RPG_Char_Stats_Viewer\RPG_Char_Stats_Viewer.csproj", "{869C6AD8-BB47-45F5-84B4-DE14A72ADA0C}"
EndProject
Global
	GlobalSection(SolutionConfigurationPlatforms) = preSolution
		Debug|Any CPU = Debug|Any CPU
		Release|Any CPU = Release|Any CPU
	EndGlobalSection
	GlobalSection(ProjectConfigurationPlatforms) = postSolution
		{869C6AD8-BB47-45F5-84B4-DE14A72ADA0C}.Debug|Any CPU.ActiveCfg = Debug|Any CPU
		{869C6AD8-BB47-45F5-84B4-DE14A72ADA0C}.Debug|Any CPU.Build.0 = Debug|Any CPU
		{869C6AD8-BB47-45F5-84B4-DE14A72ADA0C}.Release|Any CPU.ActiveCfg = Release|Any CPU
		{869C6AD8-BB47-45F5-84B4-DE14A72ADA0C}.Release|Any CPU.Build.0 = Release|Any CPU
	EndGlobalSection
	GlobalSection(SolutionProperties) = preSolution
		HideSolutionNode = FALSE
	EndGlobalSection
	GlobalSection(ExtensibilityGlobals) = postSolution
		SolutionGuid = {FFB20CD9-52AF-4577-9CF2-CB20B7AA53C7}
	EndGlobalSection
EndGlobal
